
Microsoft Visual Studio Solution File, Format Version 12.00
# Visual Studio Version 17
VisualStudioVersion = 17.3.32901.215
MinimumVisualStudioVersion = 10.0.40219.1
Project("{FAE04EC0-301F-11D3-BF4B-00C04F79EFBC}") = "öğreci ortalama hesaplama", "öğreci ortalama hesaplama\öğreci ortalama hesaplama.csproj", "{38FA81E8-B6FA-4594-9892-2A796C724DB6}"
EndProject
Global
	GlobalSection(SolutionConfigurationPlatforms) = preSolution
		Debug|Any CPU = Debug|Any CPU
		Release|Any CPU = Release|Any CPU
	EndGlobalSection
	GlobalSection(ProjectConfigurationPlatforms) = postSolution
		{38FA81E8-B6FA-4594-9892-2A796C724DB6}.Debug|Any CPU.ActiveCfg = Debug|Any CPU
		{38FA81E8-B6FA-4594-9892-2A796C724DB6}.Debug|Any CPU.Build.0 = Debug|Any CPU
		{38FA81E8-B6FA-4594-9892-2A796C724DB6}.Release|Any CPU.ActiveCfg = Release|Any CPU
		{38FA81E8-B6FA-4594-9892-2A796C724DB6}.Release|Any CPU.Build.0 = Release|Any CPU
	EndGlobalSection
	GlobalSection(SolutionProperties) = preSolution
		HideSolutionNode = FALSE
	EndGlobalSection
	GlobalSection(ExtensibilityGlobals) = postSolution
		SolutionGuid = {EF0F13B3-9F06-4F3E-9676-6E8333B87AD5}
	EndGlobalSection
EndGlobal
